
Microsoft Visual Studio Solution File, Format Version 12.00
# Visual Studio Version 16
VisualStudioVersion = 16.0.31025.194
MinimumVisualStudioVersion = 10.0.40219.1
Project("{FAE04EC0-301F-11D3-BF4B-00C04F79EFBC}") = "Assignment", "Assignment\Assignment.csproj", "{767D35CB-03B6-4D20-8BF2-CCF07D2386A3}"
EndProject
Global
	GlobalSection(SolutionConfigurationPlatforms) = preSolution
		Debug|Any CPU = Debug|Any CPU
		Release|Any CPU = Release|Any CPU
	EndGlobalSection
	GlobalSection(ProjectConfigurationPlatforms) = postSolution
		{767D35CB-03B6-4D20-8BF2-CCF07D2386A3}.Debug|Any CPU.ActiveCfg = Debug|Any CPU
		{767D35CB-03B6-4D20-8BF2-CCF07D2386A3}.Debug|Any CPU.Build.0 = Debug|Any CPU
		{767D35CB-03B6-4D20-8BF2-CCF07D2386A3}.Release|Any CPU.ActiveCfg = Release|Any CPU
		{767D35CB-03B6-4D20-8BF2-CCF07D2386A3}.Release|Any CPU.Build.0 = Release|Any CPU
	EndGlobalSection
	GlobalSection(SolutionProperties) = preSolution
		HideSolutionNode = FALSE
	EndGlobalSection
	GlobalSection(ExtensibilityGlobals) = postSolution
		SolutionGuid = {3F6F46E6-5DBD-4070-B8B0-F6A92BF2F992}
	EndGlobalSection
EndGlobal
